
Microsoft Visual Studio Solution File, Format Version 12.00
# Visual Studio Version 16
VisualStudioVersion = 16.0.30907.101
MinimumVisualStudioVersion = 10.0.40219.1
Project("{9A19103F-16F7-4668-BE54-9A1E7A4F7556}") = "CMUDevday2021", "CMUDevday2021\CMUDevday2021.csproj", "{FEE6AD9E-014C-4867-9487-07299D6C766C}"
EndProject
Project("{FAE04EC0-301F-11D3-BF4B-00C04F79EFBC}") = "UnitTestRepository", "UnitTestRepository\UnitTestRepository.csproj", "{48818523-49E6-448B-8B34-DAF9FE45E51A}"
EndProject
Project("{FAE04EC0-301F-11D3-BF4B-00C04F79EFBC}") = "ApiTest", "ApiTest\ApiTest.csproj", "{69DA97B7-8136-4EF8-A848-4A9D1636EFAF}"
EndProject
Global
	GlobalSection(SolutionConfigurationPlatforms) = preSolution
		Debug|Any CPU = Debug|Any CPU
		Release|Any CPU = Release|Any CPU
	EndGlobalSection
	GlobalSection(ProjectConfigurationPlatforms) = postSolution
		{FEE6AD9E-014C-4867-9487-07299D6C766C}.Debug|Any CPU.ActiveCfg = Debug|Any CPU
		{FEE6AD9E-014C-4867-9487-07299D6C766C}.Debug|Any CPU.Build.0 = Debug|Any CPU
		{FEE6AD9E-014C-4867-9487-07299D6C766C}.Release|Any CPU.ActiveCfg = Release|Any CPU
		{FEE6AD9E-014C-4867-9487-07299D6C766C}.Release|Any CPU.Build.0 = Release|Any CPU
		{48818523-49E6-448B-8B34-DAF9FE45E51A}.Debug|Any CPU.ActiveCfg = Debug|Any CPU
		{48818523-49E6-448B-8B34-DAF9FE45E51A}.Debug|Any CPU.Build.0 = Debug|Any CPU
		{48818523-49E6-448B-8B34-DAF9FE45E51A}.Release|Any CPU.ActiveCfg = Release|Any CPU
		{48818523-49E6-448B-8B34-DAF9FE45E51A}.Release|Any CPU.Build.0 = Release|Any CPU
		{69DA97B7-8136-4EF8-A848-4A9D1636EFAF}.Debug|Any CPU.ActiveCfg = Debug|Any CPU
		{69DA97B7-8136-4EF8-A848-4A9D1636EFAF}.Debug|Any CPU.Build.0 = Debug|Any CPU
		{69DA97B7-8136-4EF8-A848-4A9D1636EFAF}.Release|Any CPU.ActiveCfg = Release|Any CPU
		{69DA97B7-8136-4EF8-A848-4A9D1636EFAF}.Release|Any CPU.Build.0 = Release|Any CPU
	EndGlobalSection
	GlobalSection(SolutionProperties) = preSolution
		HideSolutionNode = FALSE
	EndGlobalSection
	GlobalSection(ExtensibilityGlobals) = postSolution
		SolutionGuid = {86FBEF6E-2A6F-45CD-9CA5-BC03CF30D6D5}
	EndGlobalSection
EndGlobal
